
Microsoft Visual Studio Solution File, Format Version 12.00
# Visual Studio Version 16
VisualStudioVersion = 16.0.31205.134
MinimumVisualStudioVersion = 10.0.40219.1
Project("{FAE04EC0-301F-11D3-BF4B-00C04F79EFBC}") = "CheckStats", "CheckStats\CheckStats.csproj", "{F3F2D2D3-E02B-4FD4-892F-6CAC4500FCCB}"
EndProject
Global
	GlobalSection(SolutionConfigurationPlatforms) = preSolution
		Debug|Any CPU = Debug|Any CPU
		Release|Any CPU = Release|Any CPU
	EndGlobalSection
	GlobalSection(ProjectConfigurationPlatforms) = postSolution
		{F3F2D2D3-E02B-4FD4-892F-6CAC4500FCCB}.Debug|Any CPU.ActiveCfg = Debug|Any CPU
		{F3F2D2D3-E02B-4FD4-892F-6CAC4500FCCB}.Debug|Any CPU.Build.0 = Debug|Any CPU
		{F3F2D2D3-E02B-4FD4-892F-6CAC4500FCCB}.Release|Any CPU.ActiveCfg = Release|Any CPU
		{F3F2D2D3-E02B-4FD4-892F-6CAC4500FCCB}.Release|Any CPU.Build.0 = Release|Any CPU
	EndGlobalSection
	GlobalSection(SolutionProperties) = preSolution
		HideSolutionNode = FALSE
	EndGlobalSection
	GlobalSection(ExtensibilityGlobals) = postSolution
		SolutionGuid = {B13EC9E4-44E2-47CC-9FAF-3247265414FE}
	EndGlobalSection
EndGlobal
